
Microsoft Visual Studio Solution File, Format Version 12.00
# Visual Studio 15
VisualStudioVersion = 15.0.27703.1
MinimumVisualStudioVersion = 10.0.40219.1
Project("{FAE04EC0-301F-11D3-BF4B-00C04F79EFBC}") = "CookieTester", "CookieTester\CookieTester.csproj", "{74891BF2-8333-4B01-903F-487B4FAC6AB3}"
EndProject
Global
	GlobalSection(SolutionConfigurationPlatforms) = preSolution
		Debug|Any CPU = Debug|Any CPU
		Release|Any CPU = Release|Any CPU
	EndGlobalSection
	GlobalSection(ProjectConfigurationPlatforms) = postSolution
		{74891BF2-8333-4B01-903F-487B4FAC6AB3}.Debug|Any CPU.ActiveCfg = Debug|Any CPU
		{74891BF2-8333-4B01-903F-487B4FAC6AB3}.Debug|Any CPU.Build.0 = Debug|Any CPU
		{74891BF2-8333-4B01-903F-487B4FAC6AB3}.Release|Any CPU.ActiveCfg = Release|Any CPU
		{74891BF2-8333-4B01-903F-487B4FAC6AB3}.Release|Any CPU.Build.0 = Release|Any CPU
	EndGlobalSection
	GlobalSection(SolutionProperties) = preSolution
		HideSolutionNode = FALSE
	EndGlobalSection
	GlobalSection(ExtensibilityGlobals) = postSolution
		SolutionGuid = {3742FADC-A5B9-4608-85FE-BD0E6B62BC35}
	EndGlobalSection
EndGlobal
